{
  "name": "blogsss",
  "version": "1.0.0",
  "lockfileVersion": 1,
  "requires": true,
  "dependencies": {
    "@vssue/api-bitbucket-v2": {
      "version": "1.4.0",
      "resolved": "https://registry.npmjs.org/@vssue/api-bitbucket-v2/-/api-bitbucket-v2-1.4.0.tgz",
      "integrity": "sha512-xy0+5xOxDWj8i5NG5GM3irFz/MbxKMn40SZlE7cIc1V0d8seBHAbRTdBK7rYGObJh6710C2rxqF5Wb/sZDfBPw==",
      "dev": true,
      "requires": {
        "@vssue/utils": "^1.4.0",
        "axios": "^0.18.1"
      }
    },
    "@vssue/api-gitee-v5": {
      "version": "1.4.0",
      "resolved": "https://registry.npmjs.org/@vssue/api-gitee-v5/-/api-gitee-v5-1.4.0.tgz",
      "integrity": "sha512-Ydf7iYCmDg3JUqiA11YRCbQfI3rAd5xj5b03wEh86LbeTrzzknN3pN1N+epm53lCns5WgdQoFlGtiTHMV3YXLg==",
      "dev": true,
      "requires": {
        "@vssue/utils": "^1.4.0",
        "axios": "^0.18.1"
      }
    },
    "@vssue/api-github-v3": {
      "version": "1.4.3",
      "resolved": "https://registry.npmjs.org/@vssue/api-github-v3/-/api-github-v3-1.4.3.tgz",
      "integrity": "sha512-auwqdvMaRrGJ8sTkDx37vT6rLwHulIQUjAtPoYYv55ebuLeSfgMl2WuBPf5i+921IiCEnplVRkRPgJcn8tGs+Q==",
      "dev": true,
      "requires": {
        "@vssue/utils": "^1.4.0",
        "axios": "^0.18.1"
      }
    },
    "@vssue/api-github-v4": {
      "version": "1.4.0",
      "resolved": "https://registry.npmjs.org/@vssue/api-github-v4/-/api-github-v4-1.4.0.tgz",
      "integrity": "sha512-AdMYX62zXolvbJl0YoLjMQfoyIaK+pso2TVb34L+tjqfxgfubRm6mE/pWU7cKLiWMn6IaiS0LotC2O4y/omqDQ==",
      "dev": true,
      "requires": {
        "@vssue/utils": "^1.4.0",
        "axios": "^0.18.1"
      }
    },
    "@vssue/api-gitlab-v4": {
      "version": "1.4.0",
      "resolved": "https://registry.npmjs.org/@vssue/api-gitlab-v4/-/api-gitlab-v4-1.4.0.tgz",
      "integrity": "sha512-NVjDsmIgswUFGw7jVnRlEr7RFH0+aqhfDRD/zFpgb+JG+FZNbM/h2d5A/HftYjNXzJglnl1q67yFUBrIxM78jQ==",
      "dev": true,
      "requires": {
        "@vssue/utils": "^1.4.0",
        "axios": "^0.18.1"
      }
    },
    "@vssue/utils": {
      "version": "1.4.0",
      "resolved": "https://registry.npmjs.org/@vssue/utils/-/utils-1.4.0.tgz",
      "integrity": "sha512-3d9WCYNurdFKApFzU8i7YD1GCGhunEVYnwSJxwQ2rDmEdpLneAYNJWg9+QS6bqzB+Pw7ymtwLf/Sqti9+xUGqA==",
      "dev": true,
      "requires": {
        "date-fns": "^1.29.0",
        "qs": "^6.6.0"
      }
    },
    "@vuepress-reco/vuepress-plugin-back-to-top": {
      "version": "1.4.0",
      "resolved": "https://registry.npmjs.org/@vuepress-reco/vuepress-plugin-back-to-top/-/vuepress-plugin-back-to-top-1.4.0.tgz",
      "integrity": "sha512-h2pMkHTH/yTqVAyLsZSrS5Oh4RJpqM0xxtDMKZth4EaxnGeiB5VqrG+M6Fht8nxjUHFZ8Zy9JIduIe4tgP1jOw==",
      "dev": true
    },
    "@vuepress-reco/vuepress-plugin-comments": {
      "version": "1.4.0",
      "resolved": "https://registry.npmjs.org/@vuepress-reco/vuepress-plugin-comments/-/vuepress-plugin-comments-1.4.0.tgz",
      "integrity": "sha512-kGquqEj//p1YS9V0NL45GVyph/MAJfICC52mPpyoPC3kV/nyjX+YvZNiRUyU7gMaB5u2kOZ6T4xKXsCsszffHQ==",
      "dev": true,
      "requires": {
        "@vssue/api-bitbucket-v2": "^1.1.1",
        "@vssue/api-gitee-v5": "^1.1.1",
        "@vssue/api-github-v3": "^1.1.2",
        "@vssue/api-github-v4": "^1.2.0",
        "@vssue/api-gitlab-v4": "^1.1.1",
        "leancloud-storage": "^3.13.2",
        "valine": "^1.3.6",
        "vssue": "^1.2.2"
      }
    },
    "@vuepress-reco/vuepress-plugin-loading-page": {
      "version": "1.4.0",
      "resolved": "https://registry.npmjs.org/@vuepress-reco/vuepress-plugin-loading-page/-/vuepress-plugin-loading-page-1.4.0.tgz",
      "integrity": "sha512-wDXvtZLKPEiEISPJBVrZQ/Xva5zMyQtmuUuPQpkEj96M5lnVPpJiFWlgZ4T2T9ANe2A7at8t59SszzVnSY1whw==",
      "dev": true
    },
    "@vuepress-reco/vuepress-plugin-pagation": {
      "version": "1.4.0",
      "resolved": "https://registry.npmjs.org/@vuepress-reco/vuepress-plugin-pagation/-/vuepress-plugin-pagation-1.4.0.tgz",
      "integrity": "sha512-yiLrk3dAKX4vaWYEjxnltZIXSJX0n1DDZBy6qDthVNLrXv3vjYcQxYFgCtDJkI4N4h27AzgpqgIzYHgCAeY5NQ==",
      "dev": true
    },
    "@vuepress/plugin-blog": {
      "version": "1.3.0",
      "resolved": "https://registry.npmjs.org/@vuepress/plugin-blog/-/plugin-blog-1.3.0.tgz",
      "integrity": "sha512-BUt/4NlJJHtMNemgXq4pH763PD5C32UJB3mP5ReZomMPJBGya1r9irEwcwiimj7ZTW7l3A7kL7L9q8uvClZmGA==",
      "dev": true,
      "requires": {
        "vuejs-paginate": "^2.1.0"
      }
    },
    "@vuepress/plugin-medium-zoom": {
      "version": "1.2.0",
      "resolved": "https://registry.npmjs.org/@vuepress/plugin-medium-zoom/-/plugin-medium-zoom-1.2.0.tgz",
      "integrity": "sha512-d12oFOcJAlC1sh0AOFnaUhdCaS3GY29f+BkvqUiyV+oxaPGCqlg+8GKcaOF7/nNAOPr/Z3DneZKpppRrRp8aqw==",
      "dev": true,
      "requires": {
        "medium-zoom": "^1.0.4"
      }
    },
    "abbrev": {
      "version": "1.1.1",
      "resolved": "https://registry.npmjs.org/abbrev/-/abbrev-1.1.1.tgz",
      "integrity": "sha512-nne9/IiQ/hzIhY6pdDnbBtz7DjPTKrY00P/zvPSm5pOFkl6xuGrGnXn/VtTNNfNtAfZ9/1RtehkszU9qcTii0Q==",
      "dev": true
    },
    "agentkeepalive": {
      "version": "2.2.0",
      "resolved": "https://registry.npmjs.org/agentkeepalive/-/agentkeepalive-2.2.0.tgz",
      "integrity": "sha1-xdG9SxKQCPEWPyNvhuX66iAm4u8=",
      "dev": true
    },
    "algoliasearch": {
      "version": "3.35.1",
      "resolved": "https://registry.npmjs.org/algoliasearch/-/algoliasearch-3.35.1.tgz",
      "integrity": "sha512-K4yKVhaHkXfJ/xcUnil04xiSrB8B8yHZoFEhWNpXg23eiCnqvTZw1tn/SqvdsANlYHLJlKl0qi3I/Q2Sqo7LwQ==",
      "dev": true,
      "requires": {
        "agentkeepalive": "^2.2.0",
        "debug": "^2.6.9",
        "envify": "^4.0.0",
        "es6-promise": "^4.1.0",
        "events": "^1.1.0",
        "foreach": "^2.0.5",
        "global": "^4.3.2",
        "inherits": "^2.0.1",
        "isarray": "^2.0.1",
        "load-script": "^1.0.0",
        "object-keys": "^1.0.11",
        "querystring-es3": "^0.2.1",
        "reduce": "^1.0.1",
        "semver": "^5.1.0",
        "tunnel-agent": "^0.6.0"
      },
      "dependencies": {
        "debug": {
          "version": "2.6.9",
          "resolved": "https://registry.npmjs.org/debug/-/debug-2.6.9.tgz",
          "integrity": "sha512-bC7ElrdJaJnPbAP+1EotYvqZsb3ecl5wi6Bfi6BJTUcNowp6cvspg0jXznRTKDjm/E7AdgFBVeAPVMNcKGsHMA==",
          "dev": true,
          "requires": {
            "ms": "2.0.0"
          }
        },
        "isarray": {
          "version": "2.0.5",
          "resolved": "https://registry.npmjs.org/isarray/-/isarray-2.0.5.tgz",
          "integrity": "sha512-xHjhDr3cNBK0BzdUJSPXZntQUx/mwMS5Rw4A7lPJ90XGAO6ISP/ePDNuo0vhqOZU+UD5JoodwCAAoZQd3FeAKw==",
          "dev": true
        }
      }
    },
    "ascli": {
      "version": "1.0.1",
      "resolved": "https://registry.npmjs.org/ascli/-/ascli-1.0.1.tgz",
      "integrity": "sha1-vPpZdKYvGOgcq660lzKrSoj5Brw=",
      "dev": true,
      "requires": {
        "colour": "~0.7.1",
        "optjs": "~3.2.2"
      }
    },
    "async-limiter": {
      "version": "1.0.1",
      "resolved": "https://registry.npmjs.org/async-limiter/-/async-limiter-1.0.1.tgz",
      "integrity": "sha512-csOlWGAcRFJaI6m+F2WKdnMKr4HhdhFVBk0H/QbJFMCr+uO2kwohwXQPxw/9OCxp05r5ghVBFSyioixx3gfkNQ==",
      "dev": true
    },
    "asynckit": {
      "version": "0.4.0",
      "resolved": "https://registry.npmjs.org/asynckit/-/asynckit-0.4.0.tgz",
      "integrity": "sha1-x57Zf380y48robyXkLzDZkdLS3k=",
      "dev": true
    },
    "autocomplete.js": {
      "version": "0.29.0",
      "resolved": "https://registry.npmjs.org/autocomplete.js/-/autocomplete.js-0.29.0.tgz",
      "integrity": "sha512-pvR95T2OVglWEmh+MiIF4kDzBS8EfxsyDTJo0G7DR3BcFXTYUsJ5EyXnEMfUMjTgv7ytnwH9mdEYNCJ+p2ZlHQ==",
      "dev": true,
      "requires": {
        "immediate": "^3.2.3"
      }
    },
    "axios": {
      "version": "0.18.1",
      "resolved": "https://registry.npmjs.org/axios/-/axios-0.18.1.tgz",
      "integrity": "sha512-0BfJq4NSfQXd+SkFdrvFbG7addhYSBA2mQwISr46pD6E5iqkWg02RAs8vyTT/j0RTnoYmeXauBuSv1qKwR179g==",
      "dev": true,
      "requires": {
        "follow-redirects": "1.5.10",
        "is-buffer": "^2.0.2"
      }
    },
    "babel-runtime": {
      "version": "6.26.0",
      "resolved": "https://registry.npmjs.org/babel-runtime/-/babel-runtime-6.26.0.tgz",
      "integrity": "sha1-llxwWGaOgrVde/4E/yM3vItWR/4=",
      "dev": true,
      "requires": {
        "core-js": "^2.4.0",
        "regenerator-runtime": "^0.11.0"
      }
    },
    "balanced-match": {
      "version": "1.0.0",
      "resolved": "https://registry.npmjs.org/balanced-match/-/balanced-match-1.0.0.tgz",
      "integrity": "sha1-ibTRmasr7kneFk6gK4nORi1xt2c=",
      "dev": true
    },
    "base64-arraybuffer": {
      "version": "0.1.5",
      "resolved": "https://registry.npmjs.org/base64-arraybuffer/-/base64-arraybuffer-0.1.5.tgz",
      "integrity": "sha1-c5JncZI7Whl0etZmqlzUv5xunOg=",
      "dev": true
    },
    "brace-expansion": {
      "version": "1.1.11",
      "resolved": "https://registry.npmjs.org/brace-expansion/-/brace-expansion-1.1.11.tgz",
      "integrity": "sha512-iCuPHDFgrHX7H2vEI/5xpz07zSHB00TpugqhmYtVmMO6518mCuRMoOYFldEBl0g187ufozdaHgWKcYFb61qGiA==",
      "dev": true,
      "requires": {
        "balanced-match": "^1.0.0",
        "concat-map": "0.0.1"
      }
    },
    "bytebuffer": {
      "version": "5.0.1",
      "resolved": "https://registry.npmjs.org/bytebuffer/-/bytebuffer-5.0.1.tgz",
      "integrity": "sha1-WC7qSxqHO20CCkjVjfhfC7ps/d0=",
      "dev": true,
      "requires": {
        "long": "~3"
      }
    },
    "charenc": {
      "version": "0.0.2",
      "resolved": "https://registry.npmjs.org/charenc/-/charenc-0.0.2.tgz",
      "integrity": "sha1-wKHS86cJLgN3S/qD8UwPxXkKhmc=",
      "dev": true
    },
    "code-point-at": {
      "version": "1.1.0",
      "resolved": "https://registry.npmjs.org/code-point-at/-/code-point-at-1.1.0.tgz",
      "integrity": "sha1-DQcLTQQ6W+ozovGkDi7bPZpMz3c=",
      "dev": true
    },
    "colour": {
      "version": "0.7.1",
      "resolved": "https://registry.npmjs.org/colour/-/colour-0.7.1.tgz",
      "integrity": "sha1-nLFpkX7F0SwHNtPoaFdG3xyt93g=",
      "dev": true
    },
    "combined-stream": {
      "version": "1.0.8",
      "resolved": "https://registry.npmjs.org/combined-stream/-/combined-stream-1.0.8.tgz",
      "integrity": "sha512-FQN4MRfuJeHf7cBbBMJFXhKSDq+2kAArBlmRBvcvFE5BB1HZKXtSFASDhdlz9zOYwxh8lDdnvmMOe/+5cdoEdg==",
      "dev": true,
      "requires": {
        "delayed-stream": "~1.0.0"
      }
    },
    "component-emitter": {
      "version": "1.3.0",
      "resolved": "https://registry.npmjs.org/component-emitter/-/component-emitter-1.3.0.tgz",
      "integrity": "sha512-Rd3se6QB+sO1TwqZjscQrurpEPIfO0/yYnSin6Q/rD3mOutHvUrCAhJub3r90uNb+SESBuE0QYoB90YdfatsRg==",
      "dev": true
    },
    "concat-map": {
      "version": "0.0.1",
      "resolved": "https://registry.npmjs.org/concat-map/-/concat-map-0.0.1.tgz",
      "integrity": "sha1-2Klr13/Wjfd5OnMDajug1UBdR3s=",
      "dev": true
    },
    "cookiejar": {
      "version": "2.1.2",
      "resolved": "https://registry.npmjs.org/cookiejar/-/cookiejar-2.1.2.tgz",
      "integrity": "sha512-Mw+adcfzPxcPeI+0WlvRrr/3lGVO0bD75SxX6811cxSh1Wbxx7xZBGK1eVtDf6si8rg2lhnUjsVLMFMfbRIuwA==",
      "dev": true
    },
    "core-js": {
      "version": "2.6.11",
      "resolved": "https://registry.npmjs.org/core-js/-/core-js-2.6.11.tgz",
      "integrity": "sha512-5wjnpaT/3dV+XB4borEsnAYQchn00XSgTAWKDkEqv+K8KevjbzmofK6hfJ9TZIlpj2N0xQpazy7PiRQiWHqzWg==",
      "dev": true
    },
    "core-util-is": {
      "version": "1.0.2",
      "resolved": "https://registry.npmjs.org/core-util-is/-/core-util-is-1.0.2.tgz",
      "integrity": "sha1-tf1UIgqivFq1eqtxQMlAdUUDwac=",
      "dev": true
    },
    "crypt": {
      "version": "0.0.2",
      "resolved": "https://registry.npmjs.org/crypt/-/crypt-0.0.2.tgz",
      "integrity": "sha1-iNf/fsDfuG9xPch7u0LQRNPmxBs=",
      "dev": true
    },
    "date-fns": {
      "version": "1.30.1",
      "resolved": "https://registry.npmjs.org/date-fns/-/date-fns-1.30.1.tgz",
      "integrity": "sha512-hBSVCvSmWC+QypYObzwGOd9wqdDpOt+0wl0KbU+R+uuZBS1jN8VsD1ss3irQDknRj5NvxiTF6oj/nDRnN/UQNw==",
      "dev": true
    },
    "debug": {
      "version": "3.1.0",
      "resolved": "https://registry.npmjs.org/debug/-/debug-3.1.0.tgz",
      "integrity": "sha512-OX8XqP7/1a9cqkxYw2yXss15f26NKWBpDXQd0/uK/KPqdQhxbPa994hnzjcE2VqQpDslf55723cKPUOGSmMY3g==",
      "dev": true,
      "requires": {
        "ms": "2.0.0"
      }
    },
    "decamelize": {
      "version": "1.2.0",
      "resolved": "https://registry.npmjs.org/decamelize/-/decamelize-1.2.0.tgz",
      "integrity": "sha1-9lNNFRSCabIDUue+4m9QH5oZEpA=",
      "dev": true
    },
    "delayed-stream": {
      "version": "1.0.0",
      "resolved": "https://registry.npmjs.org/delayed-stream/-/delayed-stream-1.0.0.tgz",
      "integrity": "sha1-3zrhmayt+31ECqrgsp4icrJOxhk=",
      "dev": true
    },
    "docsearch.js": {
      "version": "2.5.2",
      "resolved": "https://registry.npmjs.org/docsearch.js/-/docsearch.js-2.5.2.tgz",
      "integrity": "sha512-bf84/poKgLgeNg45SqabZ9lHdK55QcMtUHvpVj8NLMCpAE6IPaxzeNAg5UfHRPVMwFRKMU0NNZt9yFyNYmVGrg==",
      "dev": true,
      "requires": {
        "algoliasearch": "^3.24.5",
        "autocomplete.js": "^0.29.0",
        "hogan.js": "^3.0.2",
        "to-factory": "^1.0.0"
      }
    },
    "dom-walk": {
      "version": "0.1.2",
      "resolved": "https://registry.npmjs.org/dom-walk/-/dom-walk-0.1.2.tgz",
      "integrity": "sha512-6QvTW9mrGeIegrFXdtQi9pk7O/nSK6lSdXW2eqUspN5LWD7UTji2Fqw5V2YLjBpHEoU9Xl/eUWNpDeZvoyOv2w==",
      "dev": true
    },
    "envify": {
      "version": "4.1.0",
      "resolved": "https://registry.npmjs.org/envify/-/envify-4.1.0.tgz",
      "integrity": "sha512-IKRVVoAYr4pIx4yIWNsz9mOsboxlNXiu7TNBnem/K/uTHdkyzXWDzHCK7UTolqBbgaBz0tQHsD3YNls0uIIjiw==",
      "dev": true,
      "requires": {
        "esprima": "^4.0.0",
        "through": "~2.3.4"
      }
    },
    "es6-promise": {
      "version": "4.2.3",
      "resolved": "https://registry.npmjs.org/es6-promise/-/es6-promise-4.2.3.tgz",
      "integrity": "sha512-vLf5iali3jKqlJoo6SryDwe3nxCmiueNjbjLWDIpNbAcKnQXAsAdZk+pM17nSYp3AQMbTmAQVCQSeDLfA87SNA==",
      "dev": true
    },
    "esprima": {
      "version": "4.0.1",
      "resolved": "https://registry.npmjs.org/esprima/-/esprima-4.0.1.tgz",
      "integrity": "sha512-eGuFFw7Upda+g4p+QHvnW0RyTX/SVeJBDM/gCtMARO0cLuT2HcEKnTPvhjV6aGeqrCB/sbNop0Kszm0jsaWU4A==",
      "dev": true
    },
    "eventemitter3": {
      "version": "2.0.3",
      "resolved": "https://registry.npmjs.org/eventemitter3/-/eventemitter3-2.0.3.tgz",
      "integrity": "sha1-teEHm1n7XhuidxwKmTvgYKWMmbo=",
      "dev": true
    },
    "events": {
      "version": "1.1.1",
      "resolved": "https://registry.npmjs.org/events/-/events-1.1.1.tgz",
      "integrity": "sha1-nr23Y1rQmccNzEwqH1AEKI6L2SQ=",
      "dev": true
    },
    "extend": {
      "version": "3.0.2",
      "resolved": "https://registry.npmjs.org/extend/-/extend-3.0.2.tgz",
      "integrity": "sha512-fjquC59cD7CyW6urNXK0FBufkZcoiGG80wTuPujX590cB5Ttln20E2UB4S/WARVqhXffZl2LNgS+gQdPIIim/g==",
      "dev": true
    },
    "follow-redirects": {
      "version": "1.5.10",
      "resolved": "https://registry.npmjs.org/follow-redirects/-/follow-redirects-1.5.10.tgz",
      "integrity": "sha512-0V5l4Cizzvqt5D44aTXbFZz+FtyXV1vrDN6qrelxtfYQKW0KO0W2T/hkE8xvGa/540LkZlkaUjO4ailYTFtHVQ==",
      "dev": true,
      "requires": {
        "debug": "=3.1.0"
      }
    },
    "foreach": {
      "version": "2.0.5",
      "resolved": "https://registry.npmjs.org/foreach/-/foreach-2.0.5.tgz",
      "integrity": "sha1-C+4AUBiusmDQo6865ljdATbsG5k=",
      "dev": true
    },
    "form-data": {
      "version": "2.5.1",
      "resolved": "https://registry.npmjs.org/form-data/-/form-data-2.5.1.tgz",
      "integrity": "sha512-m21N3WOmEEURgk6B9GLOE4RuWOFf28Lhh9qGYeNlGq4VDXUlJy2th2slBNU8Gp8EzloYZOibZJ7t5ecIrFSjVA==",
      "dev": true,
      "requires": {
        "asynckit": "^0.4.0",
        "combined-stream": "^1.0.6",
        "mime-types": "^2.1.12"
      }
    },
    "formidable": {
      "version": "1.2.2",
      "resolved": "https://registry.npmjs.org/formidable/-/formidable-1.2.2.tgz",
      "integrity": "sha512-V8gLm+41I/8kguQ4/o1D3RIHRmhYFG4pnNyonvua+40rqcEmT4+V71yaZ3B457xbbgCsCfjSPi65u/W6vK1U5Q==",
      "dev": true
    },
    "fs.realpath": {
      "version": "1.0.0",
      "resolved": "https://registry.npmjs.org/fs.realpath/-/fs.realpath-1.0.0.tgz",
      "integrity": "sha1-FQStJSMVjKpA20onh8sBQRmU6k8=",
      "dev": true
    },
    "github-markdown-css": {
      "version": "3.0.1",
      "resolved": "https://registry.npmjs.org/github-markdown-css/-/github-markdown-css-3.0.1.tgz",
      "integrity": "sha512-9G5CIPsHoyk5ObDsb/H4KTi23J8KE1oDd4KYU51qwqeM+lKWAiO7abpSgCkyWswgmSKBiuE7/4f8xUz7f2qAiQ==",
      "dev": true
    },
    "glob": {
      "version": "7.1.6",
      "resolved": "https://registry.npmjs.org/glob/-/glob-7.1.6.tgz",
      "integrity": "sha512-LwaxwyZ72Lk7vZINtNNrywX0ZuLyStrdDtabefZKAY5ZGJhVtgdznluResxNmPitE0SAO+O26sWTHeKSI2wMBA==",
      "dev": true,
      "requires": {
        "fs.realpath": "^1.0.0",
        "inflight": "^1.0.4",
        "inherits": "2",
        "minimatch": "^3.0.4",
        "once": "^1.3.0",
        "path-is-absolute": "^1.0.0"
      }
    },
    "global": {
      "version": "4.4.0",
      "resolved": "https://registry.npmjs.org/global/-/global-4.4.0.tgz",
      "integrity": "sha512-wv/LAoHdRE3BeTGz53FAamhGlPLhlssK45usmGFThIi4XqnBmjKQ16u+RNbP7WvigRZDxUsM0J3gcQ5yicaL0w==",
      "dev": true,
      "requires": {
        "min-document": "^2.19.0",
        "process": "^0.11.10"
      }
    },
    "hogan.js": {
      "version": "3.0.2",
      "resolved": "https://registry.npmjs.org/hogan.js/-/hogan.js-3.0.2.tgz",
      "integrity": "sha1-TNnhq9QpQUbnZ55B14mHMrAse/0=",
      "dev": true,
      "requires": {
        "mkdirp": "0.3.0",
        "nopt": "1.0.10"
      }
    },
    "immediate": {
      "version": "3.2.3",
      "resolved": "https://registry.npmjs.org/immediate/-/immediate-3.2.3.tgz",
      "integrity": "sha1-0UD6j2FGWb1lQSMwl92qwlzdmRw=",
      "dev": true
    },
    "inflight": {
      "version": "1.0.6",
      "resolved": "https://registry.npmjs.org/inflight/-/inflight-1.0.6.tgz",
      "integrity": "sha1-Sb1jMdfQLQwJvJEKEHW6gWW1bfk=",
      "dev": true,
      "requires": {
        "once": "^1.3.0",
        "wrappy": "1"
      }
    },
    "inherits": {
      "version": "2.0.4",
      "resolved": "https://registry.npmjs.org/inherits/-/inherits-2.0.4.tgz",
      "integrity": "sha512-k/vGaX4/Yla3WzyMCvTQOXYeIHvqOKtnqBduzTHpzpQZzAskKMhZ2K+EnBiSM9zGSoIFeMpXKxa4dYeZIQqewQ==",
      "dev": true
    },
    "invert-kv": {
      "version": "1.0.0",
      "resolved": "https://registry.npmjs.org/invert-kv/-/invert-kv-1.0.0.tgz",
      "integrity": "sha1-EEqOSqym09jNFXqO+L+rLXo//bY=",
      "dev": true
    },
    "is-buffer": {
      "version": "2.0.4",
      "resolved": "https://registry.npmjs.org/is-buffer/-/is-buffer-2.0.4.tgz",
      "integrity": "sha512-Kq1rokWXOPXWuaMAqZiJW4XxsmD9zGx9q4aePabbn3qCRGedtH7Cm+zV8WETitMfu1wdh+Rvd6w5egwSngUX2A==",
      "dev": true
    },
    "isarray": {
      "version": "1.0.0",
      "resolved": "https://registry.npmjs.org/isarray/-/isarray-1.0.0.tgz",
      "integrity": "sha1-u5NdSFgsuhaMBoNJV6VKPgcSTxE=",
      "dev": true
    },
    "javascript-state-machine": {
      "version": "2.4.0",
      "resolved": "https://registry.npmjs.org/javascript-state-machine/-/javascript-state-machine-2.4.0.tgz",
      "integrity": "sha1-2L4x7DjySsGhgy8LZy/DzV95yW4=",
      "dev": true
    },
    "lcid": {
      "version": "1.0.0",
      "resolved": "https://registry.npmjs.org/lcid/-/lcid-1.0.0.tgz",
      "integrity": "sha1-MIrMr6C8SDo4Z7S28rlQYlHRuDU=",
      "dev": true,
      "requires": {
        "invert-kv": "^1.0.0"
      }
    },
    "leancloud-realtime": {
      "version": "4.3.1",
      "resolved": "https://registry.npmjs.org/leancloud-realtime/-/leancloud-realtime-4.3.1.tgz",
      "integrity": "sha512-bWGc5pj7lRnDrULTeUxOw8jm5ADCpRmfR0IBd4FZU1iFoDojpbn5FRPEHcYoHYNTJF3oLd+x+toS1QafC60Zyg==",
      "dev": true,
      "requires": {
        "axios": "^0.18.0",
        "babel-runtime": "^6.6.1",
        "base64-arraybuffer": "^0.1.5",
        "debug": "^3.1.0",
        "eventemitter3": "^3.0.0",
        "javascript-state-machine": "^2.3.5",
        "lodash": "^4.17.10",
        "protobufjs": "^5.0.1",
        "uuid": "^3.0.0",
        "ws": "^5.2.1"
      },
      "dependencies": {
        "eventemitter3": {
          "version": "3.1.2",
          "resolved": "https://registry.npmjs.org/eventemitter3/-/eventemitter3-3.1.2.tgz",
          "integrity": "sha512-tvtQIeLVHjDkJYnzf2dgVMxfuSGJeM/7UCG17TT4EumTfNtF+0nebF/4zWOIkCreAbtNqhGEboB6BWrwqNaw4Q==",
          "dev": true
        }
      }
    },
    "leancloud-realtime-plugin-live-query": {
      "version": "1.2.0",
      "resolved": "https://registry.npmjs.org/leancloud-realtime-plugin-live-query/-/leancloud-realtime-plugin-live-query-1.2.0.tgz",
      "integrity": "sha512-eJooIH8/FyUoozr3Eeby2DpDnmX39m1bfxfxlYPuojkio+i/DLwPD+aTHnRDH6QXJcT6tNTt85RcxVR/Txg98Q==",
      "dev": true
    },
    "leancloud-storage": {
      "version": "3.13.2",
      "resolved": "https://registry.npmjs.org/leancloud-storage/-/leancloud-storage-3.13.2.tgz",
      "integrity": "sha512-VGQv5oExXurtQPLie2ks7nr8Dr5vWHRnVN49z//WiAI+r8Mxk2zat+GM3VRCTCy3L+2UlyQ2rvAm2Zc+3+6BkA==",
      "dev": true,
      "requires": {
        "debug": "^3.1.0",
        "es6-promise": "4.2.3",
        "eventemitter3": "^2.0.3",
        "leancloud-realtime": "^4.2.0",
        "leancloud-realtime-plugin-live-query": "^1.1.2",
        "localstorage-memory": "^1.0.1",
        "md5": "^2.0.0",
        "superagent": "^3.3.1",
        "underscore": "^1.8.3",
        "uuid": "^3.3.2"
      }
    },
    "load-script": {
      "version": "1.0.0",
      "resolved": "https://registry.npmjs.org/load-script/-/load-script-1.0.0.tgz",
      "integrity": "sha1-BJGTngvuVkPuSUp+PaPSuscMbKQ=",
      "dev": true
    },
    "localstorage-memory": {
      "version": "1.0.3",
      "resolved": "https://registry.npmjs.org/localstorage-memory/-/localstorage-memory-1.0.3.tgz",
      "integrity": "sha512-t9P8WB6DcVttbw/W4PIE8HOqum8Qlvx5SjR6oInwR9Uia0EEmyUeBh7S+weKByW+l/f45Bj4L/dgZikGFDM6ng==",
      "dev": true
    },
    "lodash": {
      "version": "4.17.15",
      "resolved": "https://registry.npmjs.org/lodash/-/lodash-4.17.15.tgz",
      "integrity": "sha512-8xOcRHvCjnocdS5cpwXQXVzmmh5e5+saE2QGoeQmbKmRS6J3VQppPOIt0MnmE+4xlZoumy0GPG0D0MVIQbNA1A==",
      "dev": true
    },
    "long": {
      "version": "3.2.0",
      "resolved": "https://registry.npmjs.org/long/-/long-3.2.0.tgz",
      "integrity": "sha1-2CG3E4yhy1gcFymQ7xTbIAtcR0s=",
      "dev": true
    },
    "md5": {
      "version": "2.2.1",
      "resolved": "https://registry.npmjs.org/md5/-/md5-2.2.1.tgz",
      "integrity": "sha1-U6s41f48iJG6RlMp6iP6wFQBJvk=",
      "dev": true,
      "requires": {
        "charenc": "~0.0.1",
        "crypt": "~0.0.1",
        "is-buffer": "~1.1.1"
      },
      "dependencies": {
        "is-buffer": {
          "version": "1.1.6",
          "resolved": "https://registry.npmjs.org/is-buffer/-/is-buffer-1.1.6.tgz",
          "integrity": "sha512-NcdALwpXkTm5Zvvbk7owOUSvVvBKDgKP5/ewfXEznmQFfs4ZRmanOeKBTjRVjka3QFoN6XJ+9F3USqfHqTaU5w==",
          "dev": true
        }
      }
    },
    "medium-zoom": {
      "version": "1.0.5",
      "resolved": "https://registry.npmjs.org/medium-zoom/-/medium-zoom-1.0.5.tgz",
      "integrity": "sha512-aLGa6WlTuFKWvH88bqTrY5ztJMN+D0hd8UX6BYc4YSoPayppzETjZUcdVcksgaoQEMg4cZSmXPg846fTp2rjRQ==",
      "dev": true
    },
    "methods": {
      "version": "1.1.2",
      "resolved": "https://registry.npmjs.org/methods/-/methods-1.1.2.tgz",
      "integrity": "sha1-VSmk1nZUE07cxSZmVoNbD4Ua/O4=",
      "dev": true
    },
    "mime": {
      "version": "1.6.0",
      "resolved": "https://registry.npmjs.org/mime/-/mime-1.6.0.tgz",
      "integrity": "sha512-x0Vn8spI+wuJ1O6S7gnbaQg8Pxh4NNHb7KSINmEWKiPE4RKOplvijn+NkmYmmRgP68mc70j2EbeTFRsrswaQeg==",
      "dev": true
    },
    "mime-db": {
      "version": "1.43.0",
      "resolved": "https://registry.npmjs.org/mime-db/-/mime-db-1.43.0.tgz",
      "integrity": "sha512-+5dsGEEovYbT8UY9yD7eE4XTc4UwJ1jBYlgaQQF38ENsKR3wj/8q8RFZrF9WIZpB2V1ArTVFUva8sAul1NzRzQ==",
      "dev": true
    },
    "mime-types": {
      "version": "2.1.26",
      "resolved": "https://registry.npmjs.org/mime-types/-/mime-types-2.1.26.tgz",
      "integrity": "sha512-01paPWYgLrkqAyrlDorC1uDwl2p3qZT7yl806vW7DvDoxwXi46jsjFbg+WdwotBIk6/MbEhO/dh5aZ5sNj/dWQ==",
      "dev": true,
      "requires": {
        "mime-db": "1.43.0"
      }
    },
    "min-document": {
      "version": "2.19.0",
      "resolved": "https://registry.npmjs.org/min-document/-/min-document-2.19.0.tgz",
      "integrity": "sha1-e9KC4/WELtKVu3SM3Z8f+iyCRoU=",
      "dev": true,
      "requires": {
        "dom-walk": "^0.1.0"
      }
    },
    "minimatch": {
      "version": "3.0.4",
      "resolved": "https://registry.npmjs.org/minimatch/-/minimatch-3.0.4.tgz",
      "integrity": "sha512-yJHVQEhyqPLUTgt9B83PXu6W3rx4MvvHvSUvToogpwoGDOUQ+yDrR0HRot+yOCdCO7u4hX3pWft6kWBBcqh0UA==",
      "dev": true,
      "requires": {
        "brace-expansion": "^1.1.7"
      }
    },
    "mkdirp": {
      "version": "0.3.0",
      "resolved": "https://registry.npmjs.org/mkdirp/-/mkdirp-0.3.0.tgz",
      "integrity": "sha1-G79asbqCevI1dRQ0kEJkVfSB/h4=",
      "dev": true
    },
    "ms": {
      "version": "2.0.0",
      "resolved": "https://registry.npmjs.org/ms/-/ms-2.0.0.tgz",
      "integrity": "sha1-VgiurfwAvmwpAd9fmGF4jeDVl8g=",
      "dev": true
    },
    "nopt": {
      "version": "1.0.10",
      "resolved": "https://registry.npmjs.org/nopt/-/nopt-1.0.10.tgz",
      "integrity": "sha1-bd0hvSoxQXuScn3Vhfim83YI6+4=",
      "dev": true,
      "requires": {
        "abbrev": "1"
      }
    },
    "number-is-nan": {
      "version": "1.0.1",
      "resolved": "https://registry.npmjs.org/number-is-nan/-/number-is-nan-1.0.1.tgz",
      "integrity": "sha1-CXtgK1NCKlIsGvuHkDGDNpQaAR0=",
      "dev": true
    },
    "object-keys": {
      "version": "1.1.1",
      "resolved": "https://registry.npmjs.org/object-keys/-/object-keys-1.1.1.tgz",
      "integrity": "sha512-NuAESUOUMrlIXOfHKzD6bpPu3tYt3xvjNdRIQ+FeT0lNb4K8WR70CaDxhuNguS2XG+GjkyMwOzsN5ZktImfhLA==",
      "dev": true
    },
    "once": {
      "version": "1.4.0",
      "resolved": "https://registry.npmjs.org/once/-/once-1.4.0.tgz",
      "integrity": "sha1-WDsap3WWHUsROsF9nFC6753Xa9E=",
      "dev": true,
      "requires": {
        "wrappy": "1"
      }
    },
    "optjs": {
      "version": "3.2.2",
      "resolved": "https://registry.npmjs.org/optjs/-/optjs-3.2.2.tgz",
      "integrity": "sha1-aabOicRCpEQDFBrS+bNwvVu29O4=",
      "dev": true
    },
    "os-locale": {
      "version": "1.4.0",
      "resolved": "https://registry.npmjs.org/os-locale/-/os-locale-1.4.0.tgz",
      "integrity": "sha1-IPnxeuKe00XoveWDsT0gCYA8FNk=",
      "dev": true,
      "requires": {
        "lcid": "^1.0.0"
      }
    },
    "path-is-absolute": {
      "version": "1.0.1",
      "resolved": "https://registry.npmjs.org/path-is-absolute/-/path-is-absolute-1.0.1.tgz",
      "integrity": "sha1-F0uSaHNVNP+8es5r9TpanhtcX18=",
      "dev": true
    },
    "process": {
      "version": "0.11.10",
      "resolved": "https://registry.npmjs.org/process/-/process-0.11.10.tgz",
      "integrity": "sha1-czIwDoQBYb2j5podHZGn1LwW8YI=",
      "dev": true
    },
    "process-nextick-args": {
      "version": "2.0.1",
      "resolved": "https://registry.npmjs.org/process-nextick-args/-/process-nextick-args-2.0.1.tgz",
      "integrity": "sha512-3ouUOpQhtgrbOa17J7+uxOTpITYWaGP7/AhoR3+A+/1e9skrzelGi/dXzEYyvbxubEF6Wn2ypscTKiKJFFn1ag==",
      "dev": true
    },
    "protobufjs": {
      "version": "5.0.3",
      "resolved": "https://registry.npmjs.org/protobufjs/-/protobufjs-5.0.3.tgz",
      "integrity": "sha512-55Kcx1MhPZX0zTbVosMQEO5R6/rikNXd9b6RQK4KSPcrSIIwoXTtebIczUrXlwaSrbz4x8XUVThGPob1n8I4QA==",
      "dev": true,
      "requires": {
        "ascli": "~1",
        "bytebuffer": "~5",
        "glob": "^7.0.5",
        "yargs": "^3.10.0"
      },
      "dependencies": {
        "ansi-regex": {
          "version": "2.1.1",
          "resolved": "https://registry.npmjs.org/ansi-regex/-/ansi-regex-2.1.1.tgz",
          "integrity": "sha1-w7M6te42DYbg5ijwRorn7yfWVN8=",
          "dev": true
        },
        "camelcase": {
          "version": "2.1.1",
          "resolved": "https://registry.npmjs.org/camelcase/-/camelcase-2.1.1.tgz",
          "integrity": "sha1-fB0W1nmhu+WcoCys7PsBHiAfWh8=",
          "dev": true
        },
        "cliui": {
          "version": "3.2.0",
          "resolved": "https://registry.npmjs.org/cliui/-/cliui-3.2.0.tgz",
          "integrity": "sha1-EgYBU3qRbSmUD5NNo7SNWFo5IT0=",
          "dev": true,
          "requires": {
            "string-width": "^1.0.1",
            "strip-ansi": "^3.0.1",
            "wrap-ansi": "^2.0.0"
          }
        },
        "is-fullwidth-code-point": {
          "version": "1.0.0",
          "resolved": "https://registry.npmjs.org/is-fullwidth-code-point/-/is-fullwidth-code-point-1.0.0.tgz",
          "integrity": "sha1-754xOG8DGn8NZDr4L95QxFfvAMs=",
          "dev": true,
          "requires": {
            "number-is-nan": "^1.0.0"
          }
        },
        "string-width": {
          "version": "1.0.2",
          "resolved": "https://registry.npmjs.org/string-width/-/string-width-1.0.2.tgz",
          "integrity": "sha1-EYvfW4zcUaKn5w0hHgfisLmxB9M=",
          "dev": true,
          "requires": {
            "code-point-at": "^1.0.0",
            "is-fullwidth-code-point": "^1.0.0",
            "strip-ansi": "^3.0.0"
          }
        },
        "strip-ansi": {
          "version": "3.0.1",
          "resolved": "https://registry.npmjs.org/strip-ansi/-/strip-ansi-3.0.1.tgz",
          "integrity": "sha1-ajhfuIU9lS1f8F0Oiq+UJ43GPc8=",
          "dev": true,
          "requires": {
            "ansi-regex": "^2.0.0"
          }
        },
        "wrap-ansi": {
          "version": "2.1.0",
          "resolved": "https://registry.npmjs.org/wrap-ansi/-/wrap-ansi-2.1.0.tgz",
          "integrity": "sha1-2Pw9KE3QV5T+hJc8rs3Rz4JP3YU=",
          "dev": true,
          "requires": {
            "string-width": "^1.0.1",
            "strip-ansi": "^3.0.1"
          }
        },
        "y18n": {
          "version": "3.2.1",
          "resolved": "https://registry.npmjs.org/y18n/-/y18n-3.2.1.tgz",
          "integrity": "sha1-bRX7qITAhnnA136I53WegR4H+kE=",
          "dev": true
        },
        "yargs": {
          "version": "3.32.0",
          "resolved": "https://registry.npmjs.org/yargs/-/yargs-3.32.0.tgz",
          "integrity": "sha1-AwiOnr+edWtpdRYR0qXvWRSCyZU=",
          "dev": true,
          "requires": {
            "camelcase": "^2.0.1",
            "cliui": "^3.0.3",
            "decamelize": "^1.1.1",
            "os-locale": "^1.4.0",
            "string-width": "^1.0.1",
            "window-size": "^0.1.4",
            "y18n": "^3.2.0"
          }
        }
      }
    },
    "qs": {
      "version": "6.9.3",
      "resolved": "https://registry.npmjs.org/qs/-/qs-6.9.3.tgz",
      "integrity": "sha512-EbZYNarm6138UKKq46tdx08Yo/q9ZhFoAXAI1meAFd2GtbRDhbZY2WQSICskT0c5q99aFzLG1D4nvTk9tqfXIw==",
      "dev": true
    },
    "querystring-es3": {
      "version": "0.2.1",
      "resolved": "https://registry.npmjs.org/querystring-es3/-/querystring-es3-0.2.1.tgz",
      "integrity": "sha1-nsYfeQSYdXB9aUFFlv2Qek1xHnM=",
      "dev": true
    },
    "readable-stream": {
      "version": "2.3.7",
      "resolved": "https://registry.npmjs.org/readable-stream/-/readable-stream-2.3.7.tgz",
      "integrity": "sha512-Ebho8K4jIbHAxnuxi7o42OrZgF/ZTNcsZj6nRKyUmkhLFq8CHItp/fy6hQZuZmP/n3yZ9VBUbp4zz/mX8hmYPw==",
      "dev": true,
      "requires": {
        "core-util-is": "~1.0.0",
        "inherits": "~2.0.3",
        "isarray": "~1.0.0",
        "process-nextick-args": "~2.0.0",
        "safe-buffer": "~5.1.1",
        "string_decoder": "~1.1.1",
        "util-deprecate": "~1.0.1"
      }
    },
    "reduce": {
      "version": "1.0.2",
      "resolved": "https://registry.npmjs.org/reduce/-/reduce-1.0.2.tgz",
      "integrity": "sha512-xX7Fxke/oHO5IfZSk77lvPa/7bjMh9BuCk4OOoX5XTXrM7s0Z+MkPfSDfz0q7r91BhhGSs8gii/VEN/7zhCPpQ==",
      "dev": true,
      "requires": {
        "object-keys": "^1.1.0"
      }
    },
    "regenerator-runtime": {
      "version": "0.11.1",
      "resolved": "https://registry.npmjs.org/regenerator-runtime/-/regenerator-runtime-0.11.1.tgz",
      "integrity": "sha512-MguG95oij0fC3QV3URf4V2SDYGJhJnJGqvIIgdECeODCT98wSWDAJ94SSuVpYQUoTcGUIL6L4yNB7j1DFFHSBg==",
      "dev": true
    },
    "safe-buffer": {
      "version": "5.1.2",
      "resolved": "https://registry.npmjs.org/safe-buffer/-/safe-buffer-5.1.2.tgz",
      "integrity": "sha512-Gd2UZBJDkXlY7GbJxfsE8/nvKkUEU1G38c1siN6QP6a9PT9MmHB8GnpscSmMJSoF8LOIrt8ud/wPtojys4G6+g==",
      "dev": true
    },
    "semver": {
      "version": "5.7.1",
      "resolved": "https://registry.npmjs.org/semver/-/semver-5.7.1.tgz",
      "integrity": "sha512-sauaDf/PZdVgrLTNYHRtpXa1iRiKcaebiKQ1BJdpQlWH2lCvexQdX55snPFyK7QzpudqbCI0qXFfOasHdyNDGQ==",
      "dev": true
    },
    "string_decoder": {
      "version": "1.1.1",
      "resolved": "https://registry.npmjs.org/string_decoder/-/string_decoder-1.1.1.tgz",
      "integrity": "sha512-n/ShnvDi6FHbbVfviro+WojiFzv+s8MPMHBczVePfUpDJLwoLT0ht1l4YwBCbi8pJAveEEdnkHyPyTP/mzRfwg==",
      "dev": true,
      "requires": {
        "safe-buffer": "~5.1.0"
      }
    },
    "superagent": {
      "version": "3.8.3",
      "resolved": "https://registry.npmjs.org/superagent/-/superagent-3.8.3.tgz",
      "integrity": "sha512-GLQtLMCoEIK4eDv6OGtkOoSMt3D+oq0y3dsxMuYuDvaNUvuT8eFBuLmfR0iYYzHC1e8hpzC6ZsxbuP6DIalMFA==",
      "dev": true,
      "requires": {
        "component-emitter": "^1.2.0",
        "cookiejar": "^2.1.0",
        "debug": "^3.1.0",
        "extend": "^3.0.0",
        "form-data": "^2.3.1",
        "formidable": "^1.2.0",
        "methods": "^1.1.1",
        "mime": "^1.4.1",
        "qs": "^6.5.1",
        "readable-stream": "^2.3.5"
      }
    },
    "through": {
      "version": "2.3.8",
      "resolved": "https://registry.npmjs.org/through/-/through-2.3.8.tgz",
      "integrity": "sha1-DdTJ/6q8NXlgsbckEV1+Doai4fU=",
      "dev": true
    },
    "to-factory": {
      "version": "1.0.0",
      "resolved": "https://registry.npmjs.org/to-factory/-/to-factory-1.0.0.tgz",
      "integrity": "sha1-hzivi9lxIK0dQEeXKtpVY7+UebE=",
      "dev": true
    },
    "tunnel-agent": {
      "version": "0.6.0",
      "resolved": "https://registry.npmjs.org/tunnel-agent/-/tunnel-agent-0.6.0.tgz",
      "integrity": "sha1-J6XeoGs2sEoKmWZ3SykIaPD8QP0=",
      "dev": true,
      "requires": {
        "safe-buffer": "^5.0.1"
      }
    },
    "underscore": {
      "version": "1.10.2",
      "resolved": "https://registry.npmjs.org/underscore/-/underscore-1.10.2.tgz",
      "integrity": "sha512-N4P+Q/BuyuEKFJ43B9gYuOj4TQUHXX+j2FqguVOpjkssLUUrnJofCcBccJSCoeturDoZU6GorDTHSvUDlSQbTg==",
      "dev": true
    },
    "util-deprecate": {
      "version": "1.0.2",
      "resolved": "https://registry.npmjs.org/util-deprecate/-/util-deprecate-1.0.2.tgz",
      "integrity": "sha1-RQ1Nyfpw3nMnYvvS1KKJgUGaDM8=",
      "dev": true
    },
    "uuid": {
      "version": "3.4.0",
      "resolved": "https://registry.npmjs.org/uuid/-/uuid-3.4.0.tgz",
      "integrity": "sha512-HjSDRw6gZE5JMggctHBcjVak08+KEVhSIiDzFnT9S9aegmp85S/bReBVTb4QTFaRNptJ9kuYaNhnbNEOkbKb/A==",
      "dev": true
    },
    "valine": {
      "version": "1.3.6",
      "resolved": "https://registry.npmjs.org/valine/-/valine-1.3.6.tgz",
      "integrity": "sha512-DVdbzyVXvDRqN7dAprXUpSvfJaFrA+WDxH44SR+X9Gc22xx5RCLsk8SLClcb1TPE5m1P/HoqCvoSeOcPu4Ra/A==",
      "dev": true
    },
    "vssue": {
      "version": "1.4.3",
      "resolved": "https://registry.npmjs.org/vssue/-/vssue-1.4.3.tgz",
      "integrity": "sha512-xGnsLahqREumXgHnZ92MzNbIfwYqz8fZUQVGTe5/b2tCWsF5pFhO51fv4FVVDvVUwF6NsT3Kzy4HTVvJK2at4A==",
      "dev": true,
      "requires": {
        "@vssue/utils": "^1.4.0",
        "github-markdown-css": "^3.0.1",
        "vue": "^2.6.10",
        "vue-i18n": "^8.11.2",
        "vue-property-decorator": "^8.1.1"
      }
    },
    "vue": {
      "version": "2.6.11",
      "resolved": "https://registry.npmjs.org/vue/-/vue-2.6.11.tgz",
      "integrity": "sha512-VfPwgcGABbGAue9+sfrD4PuwFar7gPb1yl1UK1MwXoQPAw0BKSqWfoYCT/ThFrdEVWoI51dBuyCoiNU9bZDZxQ==",
      "dev": true
    },
    "vue-class-component": {
      "version": "7.2.3",
      "resolved": "https://registry.npmjs.org/vue-class-component/-/vue-class-component-7.2.3.tgz",
      "integrity": "sha512-oEqYpXKaFN+TaXU+mRLEx8dX0ah85aAJEe61mpdoUrq0Bhe/6sWhyZX1JjMQLhVsHAkncyhedhmCdDVSasUtDw==",
      "dev": true
    },
    "vue-click-outside": {
      "version": "1.0.7",
      "resolved": "https://registry.npmjs.org/vue-click-outside/-/vue-click-outside-1.0.7.tgz",
      "integrity": "sha1-zdKxYF48SUR4TheU6uShKg9wC9Y=",
      "dev": true
    },
    "vue-i18n": {
      "version": "8.17.0",
      "resolved": "https://registry.npmjs.org/vue-i18n/-/vue-i18n-8.17.0.tgz",
      "integrity": "sha512-A6FlYeZtB9YOLNv+XRcu9xdVXDbIx1j6IprJC7mZ7nubLvXprRjQizauH8UrgGZI0KddoLJpA0UG3Dk87TIcnQ==",
      "dev": true
    },
    "vue-property-decorator": {
      "version": "8.4.1",
      "resolved": "https://registry.npmjs.org/vue-property-decorator/-/vue-property-decorator-8.4.1.tgz",
      "integrity": "sha512-8R4Us7DxFO0rwAL/2fv6vaZL8Oa4n/HGanHODYGTcvQHwT0FYJr9UuuFm2GoWAIXQu1mDO03HNeHswFp9vmTVA==",
      "dev": true,
      "requires": {
        "vue-class-component": "^7.1.0"
      }
    },
    "vuejs-paginate": {
      "version": "2.1.0",
      "resolved": "https://registry.npmjs.org/vuejs-paginate/-/vuejs-paginate-2.1.0.tgz",
      "integrity": "sha512-gnwyXlmCiDOu9MLWxN5UJ4PGijKGNOMpHG8ujsrynCzTJljn/rp7Jq0WiDGDAMi5/u0AHuYIHhced+tUW4jblA==",
      "dev": true
    },
    "vuepress-theme-reco": {
      "version": "1.4.2",
      "resolved": "https://registry.npmjs.org/vuepress-theme-reco/-/vuepress-theme-reco-1.4.2.tgz",
      "integrity": "sha512-lCjpLUwxcrtIcHhsoeau3zVtC8Lxdakx3RPb985We5JMD9puTWUt9W+Gor7tB4t6gYPec/IBeoILaEnSGFxXKQ==",
      "dev": true,
      "requires": {
        "@vuepress-reco/vuepress-plugin-back-to-top": "^1.4.0",
        "@vuepress-reco/vuepress-plugin-comments": "^1.4.0",
        "@vuepress-reco/vuepress-plugin-loading-page": "^1.4.0",
        "@vuepress-reco/vuepress-plugin-pagation": "^1.4.0",
        "@vuepress/plugin-blog": "1.3.0",
        "@vuepress/plugin-medium-zoom": "1.2.0",
        "docsearch.js": "2.5.2",
        "leancloud-storage": "3.13.2",
        "md5": "2.2.1",
        "valine": "1.3.6",
        "vue-click-outside": "1.0.7"
      }
    },
    "window-size": {
      "version": "0.1.4",
      "resolved": "https://registry.npmjs.org/window-size/-/window-size-0.1.4.tgz",
      "integrity": "sha1-+OGqHuWlPsW/FR/6CXQqatdpeHY=",
      "dev": true
    },
    "wrappy": {
      "version": "1.0.2",
      "resolved": "https://registry.npmjs.org/wrappy/-/wrappy-1.0.2.tgz",
      "integrity": "sha1-tSQ9jz7BqjXxNkYFvA0QNuMKtp8=",
      "dev": true
    },
    "ws": {
      "version": "5.2.2",
      "resolved": "https://registry.npmjs.org/ws/-/ws-5.2.2.tgz",
      "integrity": "sha512-jaHFD6PFv6UgoIVda6qZllptQsMlDEJkTQcybzzXDYM1XO9Y8em691FGMPmM46WGyLU4z9KMgQN+qrux/nhlHA==",
      "dev": true,
      "requires": {
        "async-limiter": "~1.0.0"
      }
    }
  }
}
